
Microsoft Visual Studio Solution File, Format Version 12.00
# Visual Studio Version 16
VisualStudioVersion = 16.0.29728.190
MinimumVisualStudioVersion = 10.0.40219.1
Project("{FAE04EC0-301F-11D3-BF4B-00C04F79EFBC}") = "Exercise07", "Exercise07.csproj", "{62CA3B0F-8A88-4C33-A6A5-97FBAEF19AC0}"
EndProject
Global
	GlobalSection(SolutionConfigurationPlatforms) = preSolution
		Debug|Any CPU = Debug|Any CPU
		Release|Any CPU = Release|Any CPU
	EndGlobalSection
	GlobalSection(ProjectConfigurationPlatforms) = postSolution
		{62CA3B0F-8A88-4C33-A6A5-97FBAEF19AC0}.Debug|Any CPU.ActiveCfg = Debug|Any CPU
		{62CA3B0F-8A88-4C33-A6A5-97FBAEF19AC0}.Debug|Any CPU.Build.0 = Debug|Any CPU
		{62CA3B0F-8A88-4C33-A6A5-97FBAEF19AC0}.Release|Any CPU.ActiveCfg = Release|Any CPU
		{62CA3B0F-8A88-4C33-A6A5-97FBAEF19AC0}.Release|Any CPU.Build.0 = Release|Any CPU
	EndGlobalSection
	GlobalSection(SolutionProperties) = preSolution
		HideSolutionNode = FALSE
	EndGlobalSection
	GlobalSection(ExtensibilityGlobals) = postSolution
		SolutionGuid = {CEF06724-1C06-4006-990F-FCE98D00C937}
	EndGlobalSection
EndGlobal
