
Microsoft Visual Studio Solution File, Format Version 12.00
# Visual Studio Version 16
VisualStudioVersion = 16.0.29728.190
MinimumVisualStudioVersion = 10.0.40219.1
Project("{FAE04EC0-301F-11D3-BF4B-00C04F79EFBC}") = "Quiz08", "Quiz08.csproj", "{ED1E997A-650E-4D3C-BA98-71235D755CD0}"
EndProject
Global
	GlobalSection(SolutionConfigurationPlatforms) = preSolution
		Debug|Any CPU = Debug|Any CPU
		Release|Any CPU = Release|Any CPU
	EndGlobalSection
	GlobalSection(ProjectConfigurationPlatforms) = postSolution
		{ED1E997A-650E-4D3C-BA98-71235D755CD0}.Debug|Any CPU.ActiveCfg = Debug|Any CPU
		{ED1E997A-650E-4D3C-BA98-71235D755CD0}.Debug|Any CPU.Build.0 = Debug|Any CPU
		{ED1E997A-650E-4D3C-BA98-71235D755CD0}.Release|Any CPU.ActiveCfg = Release|Any CPU
		{ED1E997A-650E-4D3C-BA98-71235D755CD0}.Release|Any CPU.Build.0 = Release|Any CPU
	EndGlobalSection
	GlobalSection(SolutionProperties) = preSolution
		HideSolutionNode = FALSE
	EndGlobalSection
	GlobalSection(ExtensibilityGlobals) = postSolution
		SolutionGuid = {33153670-A773-4E31-95BD-E0BCB47EB549}
	EndGlobalSection
EndGlobal
