
Microsoft Visual Studio Solution File, Format Version 12.00
# Visual Studio Version 16
VisualStudioVersion = 16.0.29728.190
MinimumVisualStudioVersion = 10.0.40219.1
Project("{F184B08F-C81C-45F6-A57F-5ABD9991F28F}") = "Exercise_9A", "Exercise_9A.vbproj", "{450E9C6D-FA66-4671-B556-28305551A94B}"
EndProject
Global
	GlobalSection(SolutionConfigurationPlatforms) = preSolution
		Debug|Any CPU = Debug|Any CPU
		Release|Any CPU = Release|Any CPU
	EndGlobalSection
	GlobalSection(ProjectConfigurationPlatforms) = postSolution
		{450E9C6D-FA66-4671-B556-28305551A94B}.Debug|Any CPU.ActiveCfg = Debug|Any CPU
		{450E9C6D-FA66-4671-B556-28305551A94B}.Debug|Any CPU.Build.0 = Debug|Any CPU
		{450E9C6D-FA66-4671-B556-28305551A94B}.Release|Any CPU.ActiveCfg = Release|Any CPU
		{450E9C6D-FA66-4671-B556-28305551A94B}.Release|Any CPU.Build.0 = Release|Any CPU
	EndGlobalSection
	GlobalSection(SolutionProperties) = preSolution
		HideSolutionNode = FALSE
	EndGlobalSection
	GlobalSection(ExtensibilityGlobals) = postSolution
		SolutionGuid = {80FEF9BA-6636-4EED-BEC3-C59B994139CB}
	EndGlobalSection
EndGlobal
