
Microsoft Visual Studio Solution File, Format Version 12.00
# Visual Studio Version 16
VisualStudioVersion = 16.0.29728.190
MinimumVisualStudioVersion = 10.0.40219.1
Project("{FAE04EC0-301F-11D3-BF4B-00C04F79EFBC}") = "Lab_14", "Lab_14.csproj", "{F545CC0B-BA43-4256-A28A-05CB5E0F2ACB}"
EndProject
Global
	GlobalSection(SolutionConfigurationPlatforms) = preSolution
		Debug|Any CPU = Debug|Any CPU
		Release|Any CPU = Release|Any CPU
	EndGlobalSection
	GlobalSection(ProjectConfigurationPlatforms) = postSolution
		{F545CC0B-BA43-4256-A28A-05CB5E0F2ACB}.Debug|Any CPU.ActiveCfg = Debug|Any CPU
		{F545CC0B-BA43-4256-A28A-05CB5E0F2ACB}.Debug|Any CPU.Build.0 = Debug|Any CPU
		{F545CC0B-BA43-4256-A28A-05CB5E0F2ACB}.Release|Any CPU.ActiveCfg = Release|Any CPU
		{F545CC0B-BA43-4256-A28A-05CB5E0F2ACB}.Release|Any CPU.Build.0 = Release|Any CPU
	EndGlobalSection
	GlobalSection(SolutionProperties) = preSolution
		HideSolutionNode = FALSE
	EndGlobalSection
	GlobalSection(ExtensibilityGlobals) = postSolution
		SolutionGuid = {3368D111-563C-44D2-9527-A7B489754ABD}
	EndGlobalSection
EndGlobal
